
Microsoft Visual Studio Solution File, Format Version 12.00
# Visual Studio 15
VisualStudioVersion = 15.0.27703.2042
MinimumVisualStudioVersion = 10.0.40219.1
Project("{FAE04EC0-301F-11D3-BF4B-00C04F79EFBC}") = "3dPrint-CostCalculator", "3dPrint-CostCalculator\3dPrint-CostCalculator.csproj", "{B368ADBF-11C7-4EBE-94A0-3D182172CE0D}"
EndProject
Global
	GlobalSection(SolutionConfigurationPlatforms) = preSolution
		Debug|Any CPU = Debug|Any CPU
		Release|Any CPU = Release|Any CPU
	EndGlobalSection
	GlobalSection(ProjectConfigurationPlatforms) = postSolution
		{B368ADBF-11C7-4EBE-94A0-3D182172CE0D}.Debug|Any CPU.ActiveCfg = Debug|Any CPU
		{B368ADBF-11C7-4EBE-94A0-3D182172CE0D}.Debug|Any CPU.Build.0 = Debug|Any CPU
		{B368ADBF-11C7-4EBE-94A0-3D182172CE0D}.Release|Any CPU.ActiveCfg = Release|Any CPU
		{B368ADBF-11C7-4EBE-94A0-3D182172CE0D}.Release|Any CPU.Build.0 = Release|Any CPU
	EndGlobalSection
	GlobalSection(SolutionProperties) = preSolution
		HideSolutionNode = FALSE
	EndGlobalSection
	GlobalSection(ExtensibilityGlobals) = postSolution
		SolutionGuid = {69AFB00B-CD4A-46C8-A71B-D643F951DC38}
	EndGlobalSection
EndGlobal
